
Microsoft Visual Studio Solution File, Format Version 12.00
# Visual Studio Version 17
VisualStudioVersion = 17.14.36414.22 d17.14
MinimumVisualStudioVersion = 10.0.40219.1
Project("{8BC9CEB8-8B4A-11D0-8D11-00A0C91BC942}") = "dll", "dll.vcxproj", "{DF2128B0-A068-494A-B1A9-4B321D4C90BF}"
EndProject
Global
	GlobalSection(SolutionConfigurationPlatforms) = preSolution
		Debug|x64 = Debug|x64
		Debug|x86 = Debug|x86
		Release|x64 = Release|x64
		Release|x86 = Release|x86
	EndGlobalSection
	GlobalSection(ProjectConfigurationPlatforms) = postSolution
		{DF2128B0-A068-494A-B1A9-4B321D4C90BF}.Debug|x64.ActiveCfg = Debug|x64
		{DF2128B0-A068-494A-B1A9-4B321D4C90BF}.Debug|x64.Build.0 = Debug|x64
		{DF2128B0-A068-494A-B1A9-4B321D4C90BF}.Debug|x86.ActiveCfg = Debug|Win32
		{DF2128B0-A068-494A-B1A9-4B321D4C90BF}.Debug|x86.Build.0 = Debug|Win32
		{DF2128B0-A068-494A-B1A9-4B321D4C90BF}.Release|x64.ActiveCfg = Release|x64
		{DF2128B0-A068-494A-B1A9-4B321D4C90BF}.Release|x64.Build.0 = Release|x64
		{DF2128B0-A068-494A-B1A9-4B321D4C90BF}.Release|x86.ActiveCfg = Release|Win32
		{DF2128B0-A068-494A-B1A9-4B321D4C90BF}.Release|x86.Build.0 = Release|Win32
	EndGlobalSection
	GlobalSection(SolutionProperties) = preSolution
		HideSolutionNode = FALSE
	EndGlobalSection
	GlobalSection(ExtensibilityGlobals) = postSolution
		SolutionGuid = {0F134FE6-77DE-42D8-BF84-2B51CD9B1297}
	EndGlobalSection
EndGlobal
